// !$*UTF8*$!
{
	archiveVersion = 1;
	classes = {
	};
	objectVersion = 48;
	objects = {

/* Begin PBXBuildFile section */
		7829C030205AB32E007344DE /* SortingTester.cpp in Sources */ = {isa = PBXBuildFile; fileRef = 7829C02E205AB32E007344DE /* SortingTester.cpp */; };
		783442CB202A001C005354CA /* ArrayTester.cpp in Sources */ = {isa = PBXBuildFile; fileRef = 783442C9202A001C005354CA /* ArrayTester.cpp */; };
		783442CE202A13BE005354CA /* Node.cpp in Sources */ = {isa = PBXBuildFile; fileRef = 783442CC202A13BE005354CA /* Node.cpp */; };
		7836B628203F17EE00A8803E /* LinkedListTester.cpp in Sources */ = {isa = PBXBuildFile; fileRef = 7836B626203F17EE00A8803E /* LinkedListTester.cpp */; };
		7881313420220E4300771758 /* Controller.cpp in Sources */ = {isa = PBXBuildFile; fileRef = 7881313220220E4300771758 /* Controller.cpp */; };
		7881313620220E5500771758 /* Runner.cpp in Sources */ = {isa = PBXBuildFile; fileRef = 7881313520220E5500771758 /* Runner.cpp */; };
		7881313B20220F3600771758 /* Timer.cpp in Sources */ = {isa = PBXBuildFile; fileRef = 7881313920220F3600771758 /* Timer.cpp */; };
		7881314620221C8D00771758 /* FileController.cpp in Sources */ = {isa = PBXBuildFile; fileRef = 7881314420221C8D00771758 /* FileController.cpp */; };
		78951C48203C7767002EA3D0 /* LinkedList.cpp in Sources */ = {isa = PBXBuildFile; fileRef = 78951C46203C7767002EA3D0 /* LinkedList.cpp */; };
		78A1201F20446BA400A24859 /* CircularList.cpp in Sources */ = {isa = PBXBuildFile; fileRef = 78A1201D20446BA400A24859 /* CircularList.cpp */; };
		78BE9801202CB251006688F3 /* LinearNode.cpp in Sources */ = {isa = PBXBuildFile; fileRef = 78BE97FF202CB251006688F3 /* LinearNode.cpp */; };
		78C9F77020470EAC0026ED08 /* TestingStacksAndQueues.cpp in Sources */ = {isa = PBXBuildFile; fileRef = 78C9F76E20470EAC0026ED08 /* TestingStacksAndQueues.cpp */; };
		78D9AD4A204D900E000E9A5D /* RecursionTester.cpp in Sources */ = {isa = PBXBuildFile; fileRef = 78D9AD48204D900E000E9A5D /* RecursionTester.cpp */; };
		78FDC4D12024C715001F0976 /* CrimeData.cpp in Sources */ = {isa = PBXBuildFile; fileRef = 78FDC4D02024C715001F0976 /* CrimeData.cpp */; };
/* End PBXBuildFile section */

/* Begin PBXCopyFilesBuildPhase section */
		7881312620220E2700771758 /* CopyFiles */ = {
			isa = PBXCopyFilesBuildPhase;
			buildActionMask = 2147483647;
			dstPath = /usr/share/man/man1/;
			dstSubfolderSpec = 0;
			files = (
			);
			runOnlyForDeploymentPostprocessing = 1;
		};
/* End PBXCopyFilesBuildPhase section */

/* Begin PBXFileReference section */
		7829C02E205AB32E007344DE /* SortingTester.cpp */ = {isa = PBXFileReference; lastKnownFileType = sourcecode.cpp.cpp; path = SortingTester.cpp; sourceTree = "<group>"; };
		7829C02F205AB32E007344DE /* SortingTester.hpp */ = {isa = PBXFileReference; lastKnownFileType = sourcecode.cpp.h; path = SortingTester.hpp; sourceTree = "<group>"; };
		783442C9202A001C005354CA /* ArrayTester.cpp */ = {isa = PBXFileReference; lastKnownFileType = sourcecode.cpp.cpp; path = ArrayTester.cpp; sourceTree = "<group>"; };
		783442CA202A001C005354CA /* ArrayTester.hpp */ = {isa = PBXFileReference; lastKnownFileType = sourcecode.cpp.h; path = ArrayTester.hpp; sourceTree = "<group>"; };
		783442CC202A13BE005354CA /* Node.cpp */ = {isa = PBXFileReference; lastKnownFileType = sourcecode.cpp.cpp; path = Node.cpp; sourceTree = "<group>"; };
		783442CD202A13BE005354CA /* Node.hpp */ = {isa = PBXFileReference; lastKnownFileType = sourcecode.cpp.h; path = Node.hpp; sourceTree = "<group>"; };
		7836B626203F17EE00A8803E /* LinkedListTester.cpp */ = {isa = PBXFileReference; lastKnownFileType = sourcecode.cpp.cpp; path = LinkedListTester.cpp; sourceTree = "<group>"; };
		7836B627203F17EE00A8803E /* LinkedListTester.hpp */ = {isa = PBXFileReference; lastKnownFileType = sourcecode.cpp.h; path = LinkedListTester.hpp; sourceTree = "<group>"; };
		7836B629203F1EC100A8803E /* Stack.h */ = {isa = PBXFileReference; lastKnownFileType = sourcecode.c.h; path = Stack.h; sourceTree = "<group>"; };
		7836B62A203F1EE700A8803E /* Queue.h */ = {isa = PBXFileReference; lastKnownFileType = sourcecode.c.h; path = Queue.h; sourceTree = "<group>"; };
		7881313220220E4300771758 /* Controller.cpp */ = {isa = PBXFileReference; lastKnownFileType = sourcecode.cpp.cpp; path = Controller.cpp; sourceTree = "<group>"; };
		7881313320220E4300771758 /* Controller.hpp */ = {isa = PBXFileReference; lastKnownFileType = sourcecode.cpp.h; path = Controller.hpp; sourceTree = "<group>"; };
		7881313520220E5500771758 /* Runner.cpp */ = {isa = PBXFileReference; lastKnownFileType = sourcecode.cpp.cpp; path = Runner.cpp; sourceTree = "<group>"; };
		7881313920220F3600771758 /* Timer.cpp */ = {isa = PBXFileReference; lastKnownFileType = sourcecode.cpp.cpp; path = Timer.cpp; sourceTree = "<group>"; };
		7881313A20220F3600771758 /* Timer.hpp */ = {isa = PBXFileReference; lastKnownFileType = sourcecode.cpp.h; path = Timer.hpp; sourceTree = "<group>"; };
		7881314420221C8D00771758 /* FileController.cpp */ = {isa = PBXFileReference; lastKnownFileType = sourcecode.cpp.cpp; path = FileController.cpp; sourceTree = "<group>"; };
		7881314520221C8D00771758 /* FileController.hpp */ = {isa = PBXFileReference; lastKnownFileType = sourcecode.cpp.h; path = FileController.hpp; sourceTree = "<group>"; };
		78951C46203C7767002EA3D0 /* LinkedList.cpp */ = {isa = PBXFileReference; lastKnownFileType = sourcecode.cpp.cpp; path = LinkedList.cpp; sourceTree = "<group>"; };
		78951C47203C7767002EA3D0 /* LinkedList.hpp */ = {isa = PBXFileReference; lastKnownFileType = sourcecode.cpp.h; path = LinkedList.hpp; sourceTree = "<group>"; };
		78A1201C204461E500A24859 /* DoubleNode.h */ = {isa = PBXFileReference; lastKnownFileType = sourcecode.c.h; path = DoubleNode.h; sourceTree = "<group>"; };
		78A1201D20446BA400A24859 /* CircularList.cpp */ = {isa = PBXFileReference; lastKnownFileType = sourcecode.cpp.cpp; path = CircularList.cpp; sourceTree = "<group>"; };
		78A1201E20446BA400A24859 /* CircularList.hpp */ = {isa = PBXFileReference; lastKnownFileType = sourcecode.cpp.h; path = CircularList.hpp; sourceTree = "<group>"; };
		78BE97FF202CB251006688F3 /* LinearNode.cpp */ = {isa = PBXFileReference; lastKnownFileType = sourcecode.cpp.cpp; path = LinearNode.cpp; sourceTree = "<group>"; };
		78BE9800202CB251006688F3 /* LinearNode.hpp */ = {isa = PBXFileReference; lastKnownFileType = sourcecode.cpp.h; path = LinearNode.hpp; sourceTree = "<group>"; };
		78BE9802202CB594006688F3 /* List.h */ = {isa = PBXFileReference; lastKnownFileType = sourcecode.c.h; path = List.h; sourceTree = "<group>"; };
		78C9F76E20470EAC0026ED08 /* TestingStacksAndQueues.cpp */ = {isa = PBXFileReference; lastKnownFileType = sourcecode.cpp.cpp; path = TestingStacksAndQueues.cpp; sourceTree = "<group>"; };
		78C9F76F20470EAC0026ED08 /* TestingStacksAndQueues.hpp */ = {isa = PBXFileReference; lastKnownFileType = sourcecode.cpp.h; path = TestingStacksAndQueues.hpp; sourceTree = "<group>"; };
		78D9AD48204D900E000E9A5D /* RecursionTester.cpp */ = {isa = PBXFileReference; lastKnownFileType = sourcecode.cpp.cpp; path = RecursionTester.cpp; sourceTree = "<group>"; };
		78D9AD49204D900E000E9A5D /* RecursionTester.hpp */ = {isa = PBXFileReference; lastKnownFileType = sourcecode.cpp.h; path = RecursionTester.hpp; sourceTree = "<group>"; };
		78FDC4C82024AD91001F0976 /* DataStructures */ = {isa = PBXFileReference; explicitFileType = "compiled.mach-o.executable"; includeInIndex = 0; path = DataStructures; sourceTree = BUILT_PRODUCTS_DIR; };
		78FDC4CA2024BFD6001F0976 /* Array.h */ = {isa = PBXFileReference; lastKnownFileType = sourcecode.c.h; path = Array.h; sourceTree = "<group>"; };
		78FDC4CC2024C6B1001F0976 /* crime.csv */ = {isa = PBXFileReference; fileEncoding = 4; lastKnownFileType = text; path = crime.csv; sourceTree = "<group>"; };
		78FDC4CF2024C715001F0976 /* CrimeData.hpp */ = {isa = PBXFileReference; fileEncoding = 4; lastKnownFileType = sourcecode.cpp.h; path = CrimeData.hpp; sourceTree = "<group>"; };
		78FDC4D02024C715001F0976 /* CrimeData.cpp */ = {isa = PBXFileReference; fileEncoding = 4; lastKnownFileType = sourcecode.cpp.cpp; path = CrimeData.cpp; sourceTree = "<group>"; };
/* End PBXFileReference section */

/* Begin PBXFrameworksBuildPhase section */
		7881312520220E2700771758 /* Frameworks */ = {
			isa = PBXFrameworksBuildPhase;
			buildActionMask = 2147483647;
			files = (
			);
			runOnlyForDeploymentPostprocessing = 0;
		};
/* End PBXFrameworksBuildPhase section */

/* Begin PBXGroup section */
		783442C82029FFFE005354CA /* New Group */ = {
			isa = PBXGroup;
			children = (
				783442C9202A001C005354CA /* ArrayTester.cpp */,
				783442CA202A001C005354CA /* ArrayTester.hpp */,
			);
			path = "New Group";
			sourceTree = "<group>";
		};
		7881311F20220E2700771758 = {
			isa = PBXGroup;
			children = (
				7881312A20220E2700771758 /* DataStructures */,
				788131402022146900771758 /* Products */,
				7881313F2022145300771758 /* Testing */,
				78FDC4C82024AD91001F0976 /* DataStructures */,
			);
			sourceTree = "<group>";
		};
		7881312A20220E2700771758 /* DataStructures */ = {
			isa = PBXGroup;
			children = (
				783442C82029FFFE005354CA /* New Group */,
				7881313520220E5500771758 /* Runner.cpp */,
				7881313D2022142700771758 /* Data */,
				7881313C2022141C00771758 /* Diagrams */,
				7881313820220F1300771758 /* Controller */,
				7881313E2022143000771758 /* Model */,
			);
			path = DataStructures;
			sourceTree = "<group>";
		};
		7881313720220EE400771758 /* Tools */ = {
			isa = PBXGroup;
			children = (
				7881313920220F3600771758 /* Timer.cpp */,
				7881313A20220F3600771758 /* Timer.hpp */,
			);
			path = Tools;
			sourceTree = "<group>";
		};
		7881313820220F1300771758 /* Controller */ = {
			isa = PBXGroup;
			children = (
				7881313220220E4300771758 /* Controller.cpp */,
				7881313320220E4300771758 /* Controller.hpp */,
				7881314420221C8D00771758 /* FileController.cpp */,
				7881314520221C8D00771758 /* FileController.hpp */,
				7881313720220EE400771758 /* Tools */,
			);
			path = Controller;
			sourceTree = "<group>";
		};
		7881313C2022141C00771758 /* Diagrams */ = {
			isa = PBXGroup;
			children = (
			);
			path = Diagrams;
			sourceTree = "<group>";
		};
		7881313D2022142700771758 /* Data */ = {
			isa = PBXGroup;
			children = (
				78FDC4D02024C715001F0976 /* CrimeData.cpp */,
				78FDC4CF2024C715001F0976 /* CrimeData.hpp */,
				78FDC4CC2024C6B1001F0976 /* crime.csv */,
			);
			path = Data;
			sourceTree = "<group>";
		};
		7881313E2022143000771758 /* Model */ = {
			isa = PBXGroup;
			children = (
				7881315120222A8600771758 /* Nodes */,
				7881314E20222A5300771758 /* Structures */,
			);
			path = Model;
			sourceTree = "<group>";
		};
		7881313F2022145300771758 /* Testing */ = {
			isa = PBXGroup;
			children = (
				7836B626203F17EE00A8803E /* LinkedListTester.cpp */,
				7836B627203F17EE00A8803E /* LinkedListTester.hpp */,
				78C9F76E20470EAC0026ED08 /* TestingStacksAndQueues.cpp */,
				78C9F76F20470EAC0026ED08 /* TestingStacksAndQueues.hpp */,
				78D9AD48204D900E000E9A5D /* RecursionTester.cpp */,
				78D9AD49204D900E000E9A5D /* RecursionTester.hpp */,
				7829C02E205AB32E007344DE /* SortingTester.cpp */,
				7829C02F205AB32E007344DE /* SortingTester.hpp */,
			);
			path = Testing;
			sourceTree = "<group>";
		};
		788131402022146900771758 /* Products */ = {
			isa = PBXGroup;
			children = (
			);
			path = Products;
			sourceTree = "<group>";
		};
		7881314E20222A5300771758 /* Structures */ = {
			isa = PBXGroup;
			children = (
				78BE9802202CB594006688F3 /* List.h */,
				7881315020222A6300771758 /* Linear */,
				7881314F20222A5C00771758 /* NonLinear */,
			);
			path = Structures;
			sourceTree = "<group>";
		};
		7881314F20222A5C00771758 /* NonLinear */ = {
			isa = PBXGroup;
			children = (
			);
			path = NonLinear;
			sourceTree = "<group>";
		};
		7881315020222A6300771758 /* Linear */ = {
			isa = PBXGroup;
			children = (
				78FDC4CA2024BFD6001F0976 /* Array.h */,
				78951C46203C7767002EA3D0 /* LinkedList.cpp */,
				78951C47203C7767002EA3D0 /* LinkedList.hpp */,
				7836B629203F1EC100A8803E /* Stack.h */,
				7836B62A203F1EE700A8803E /* Queue.h */,
				78A1201D20446BA400A24859 /* CircularList.cpp */,
				78A1201E20446BA400A24859 /* CircularList.hpp */,
			);
			path = Linear;
			sourceTree = "<group>";
		};
		7881315120222A8600771758 /* Nodes */ = {
			isa = PBXGroup;
			children = (
				783442CC202A13BE005354CA /* Node.cpp */,
				783442CD202A13BE005354CA /* Node.hpp */,
				78BE97FF202CB251006688F3 /* LinearNode.cpp */,
				78BE9800202CB251006688F3 /* LinearNode.hpp */,
				78A1201C204461E500A24859 /* DoubleNode.h */,
			);
			path = Nodes;
			sourceTree = "<group>";
		};
/* End PBXGroup section */

/* Begin PBXNativeTarget section */
		7881312720220E2700771758 /* DataStructures */ = {
			isa = PBXNativeTarget;
			buildConfigurationList = 7881312F20220E2700771758 /* Build configuration list for PBXNativeTarget "DataStructures" */;
			buildPhases = (
				7881312420220E2700771758 /* Sources */,
				7881312520220E2700771758 /* Frameworks */,
				7881312620220E2700771758 /* CopyFiles */,
			);
			buildRules = (
			);
			dependencies = (
			);
			name = DataStructures;
			productName = DataStructures;
			productReference = 78FDC4C82024AD91001F0976 /* DataStructures */;
			productType = "com.apple.product-type.tool";
		};
/* End PBXNativeTarget section */

/* Begin PBXProject section */
		7881312020220E2700771758 /* Project object */ = {
			isa = PBXProject;
			attributes = {
				LastUpgradeCheck = 0900;
				ORGANIZATIONNAME = CTEC;
				TargetAttributes = {
					7881312720220E2700771758 = {
						CreatedOnToolsVersion = 9.0;
						ProvisioningStyle = Automatic;
					};
				};
			};
			buildConfigurationList = 7881312320220E2700771758 /* Build configuration list for PBXProject "DataStructures" */;
			compatibilityVersion = "Xcode 8.0";
			developmentRegion = en;
			hasScannedForEncodings = 0;
			knownRegions = (
				en,
			);
			mainGroup = 7881311F20220E2700771758;
			productRefGroup = 7881311F20220E2700771758;
			projectDirPath = "";
			projectRoot = "";
			targets = (
				7881312720220E2700771758 /* DataStructures */,
			);
		};
/* End PBXProject section */

/* Begin PBXSourcesBuildPhase section */
		7881312420220E2700771758 /* Sources */ = {
			isa = PBXSourcesBuildPhase;
			buildActionMask = 2147483647;
			files = (
				78BE9801202CB251006688F3 /* LinearNode.cpp in Sources */,
				78C9F77020470EAC0026ED08 /* TestingStacksAndQueues.cpp in Sources */,
				7881313620220E5500771758 /* Runner.cpp in Sources */,
				7829C030205AB32E007344DE /* SortingTester.cpp in Sources */,
				783442CE202A13BE005354CA /* Node.cpp in Sources */,
				78FDC4D12024C715001F0976 /* CrimeData.cpp in Sources */,
				78D9AD4A204D900E000E9A5D /* RecursionTester.cpp in Sources */,
				7881313420220E4300771758 /* Controller.cpp in Sources */,
				7836B628203F17EE00A8803E /* LinkedListTester.cpp in Sources */,
				78A1201F20446BA400A24859 /* CircularList.cpp in Sources */,
				7881313B20220F3600771758 /* Timer.cpp in Sources */,
				783442CB202A001C005354CA /* ArrayTester.cpp in Sources */,
				78951C48203C7767002EA3D0 /* LinkedList.cpp in Sources */,
				7881314620221C8D00771758 /* FileController.cpp in Sources */,
			);
			runOnlyForDeploymentPostprocessing = 0;
		};
/* End PBXSourcesBuildPhase section */

/* Begin XCBuildConfiguration section */
		7881312D20220E2700771758 /* Debug */ = {
			isa = XCBuildConfiguration;
			buildSettings = {
				ALWAYS_SEARCH_USER_PATHS = NO;
				CLANG_ANALYZER_NONNULL = YES;
				CLANG_ANALYZER_NUMBER_OBJECT_CONVERSION = YES_AGGRESSIVE;
				CLANG_CXX_LANGUAGE_STANDARD = "gnu++14";
				CLANG_CXX_LIBRARY = "libc++";
				CLANG_ENABLE_MODULES = YES;
				CLANG_ENABLE_OBJC_ARC = YES;
				CLANG_WARN_BLOCK_CAPTURE_AUTORELEASING = YES;
				CLANG_WARN_BOOL_CONVERSION = YES;
				CLANG_WARN_COMMA = YES;
				CLANG_WARN_CONSTANT_CONVERSION = YES;
				CLANG_WARN_DIRECT_OBJC_ISA_USAGE = YES_ERROR;
				CLANG_WARN_DOCUMENTATION_COMMENTS = YES;
				CLANG_WARN_EMPTY_BODY = YES;
				CLANG_WARN_ENUM_CONVERSION = YES;
				CLANG_WARN_INFINITE_RECURSION = YES;
				CLANG_WARN_INT_CONVERSION = YES;
				CLANG_WARN_NON_LITERAL_NULL_CONVERSION = YES;
				CLANG_WARN_OBJC_LITERAL_CONVERSION = YES;
				CLANG_WARN_OBJC_ROOT_CLASS = YES_ERROR;
				CLANG_WARN_RANGE_LOOP_ANALYSIS = YES;
				CLANG_WARN_STRICT_PROTOTYPES = YES;
				CLANG_WARN_SUSPICIOUS_MOVE = YES;
				CLANG_WARN_UNGUARDED_AVAILABILITY = YES_AGGRESSIVE;
				CLANG_WARN_UNREACHABLE_CODE = YES;
				CLANG_WARN__DUPLICATE_METHOD_MATCH = YES;
				CODE_SIGN_IDENTITY = "Mac Developer";
				COPY_PHASE_STRIP = NO;
				DEBUG_INFORMATION_FORMAT = dwarf;
				ENABLE_STRICT_OBJC_MSGSEND = YES;
				ENABLE_TESTABILITY = YES;
				GCC_C_LANGUAGE_STANDARD = gnu11;
				GCC_DYNAMIC_NO_PIC = NO;
				GCC_NO_COMMON_BLOCKS = YES;
				GCC_OPTIMIZATION_LEVEL = 0;
				GCC_PREPROCESSOR_DEFINITIONS = (
					"DEBUG=1",
					"$(inherited)",
				);
				GCC_WARN_64_TO_32_BIT_CONVERSION = YES;
				GCC_WARN_ABOUT_RETURN_TYPE = YES_ERROR;
				GCC_WARN_UNDECLARED_SELECTOR = YES;
				GCC_WARN_UNINITIALIZED_AUTOS = YES_AGGRESSIVE;
				GCC_WARN_UNUSED_FUNCTION = YES;
				GCC_WARN_UNUSED_VARIABLE = YES;
				MACOSX_DEPLOYMENT_TARGET = 10.12;
				MTL_ENABLE_DEBUG_INFO = YES;
				ONLY_ACTIVE_ARCH = YES;
				SDKROOT = macosx;
			};
			name = Debug;
		};
		7881312E20220E2700771758 /* Release */ = {
			isa = XCBuildConfiguration;
			buildSettings = {
				ALWAYS_SEARCH_USER_PATHS = NO;
				CLANG_ANALYZER_NONNULL = YES;
				CLANG_ANALYZER_NUMBER_OBJECT_CONVERSION = YES_AGGRESSIVE;
				CLANG_CXX_LANGUAGE_STANDARD = "gnu++14";
				CLANG_CXX_LIBRARY = "libc++";
				CLANG_ENABLE_MODULES = YES;
				CLANG_ENABLE_OBJC_ARC = YES;
				CLANG_WARN_BLOCK_CAPTURE_AUTORELEASING = YES;
				CLANG_WARN_BOOL_CONVERSION = YES;
				CLANG_WARN_COMMA = YES;
				CLANG_WARN_CONSTANT_CONVERSION = YES;
				CLANG_WARN_DIRECT_OBJC_ISA_USAGE = YES_ERROR;
				CLANG_WARN_DOCUMENTATION_COMMENTS = YES;
				CLANG_WARN_EMPTY_BODY = YES;
				CLANG_WARN_ENUM_CONVERSION = YES;
				CLANG_WARN_INFINITE_RECURSION = YES;
				CLANG_WARN_INT_CONVERSION = YES;
				CLANG_WARN_NON_LITERAL_NULL_CONVERSION = YES;
				CLANG_WARN_OBJC_LITERAL_CONVERSION = YES;
				CLANG_WARN_OBJC_ROOT_CLASS = YES_ERROR;
				CLANG_WARN_RANGE_LOOP_ANALYSIS = YES;
				CLANG_WARN_STRICT_PROTOTYPES = YES;
				CLANG_WARN_SUSPICIOUS_MOVE = YES;
				CLANG_WARN_UNGUARDED_AVAILABILITY = YES_AGGRESSIVE;
				CLANG_WARN_UNREACHABLE_CODE = YES;
				CLANG_WARN__DUPLICATE_METHOD_MATCH = YES;
				CODE_SIGN_IDENTITY = "Mac Developer";
				COPY_PHASE_STRIP = NO;
				DEBUG_INFORMATION_FORMAT = "dwarf-with-dsym";
				ENABLE_NS_ASSERTIONS = NO;
				ENABLE_STRICT_OBJC_MSGSEND = YES;
				GCC_C_LANGUAGE_STANDARD = gnu11;
				GCC_NO_COMMON_BLOCKS = YES;
				GCC_WARN_64_TO_32_BIT_CONVERSION = YES;
				GCC_WARN_ABOUT_RETURN_TYPE = YES_ERROR;
				GCC_WARN_UNDECLARED_SELECTOR = YES;
				GCC_WARN_UNINITIALIZED_AUTOS = YES_AGGRESSIVE;
				GCC_WARN_UNUSED_FUNCTION = YES;
				GCC_WARN_UNUSED_VARIABLE = YES;
				MACOSX_DEPLOYMENT_TARGET = 10.12;
				MTL_ENABLE_DEBUG_INFO = NO;
				SDKROOT = macosx;
			};
			name = Release;
		};
		7881313020220E2700771758 /* Debug */ = {
			isa = XCBuildConfiguration;
			buildSettings = {
				CODE_SIGN_STYLE = Automatic;
				DEVELOPMENT_TEAM = X77K8LBKTS;
				PRODUCT_NAME = "$(TARGET_NAME)";
			};
			name = Debug;
		};
		7881313120220E2700771758 /* Release */ = {
			isa = XCBuildConfiguration;
			buildSettings = {
				CODE_SIGN_STYLE = Automatic;
				DEVELOPMENT_TEAM = X77K8LBKTS;
				PRODUCT_NAME = "$(TARGET_NAME)";
			};
			name = Release;
		};
/* End XCBuildConfiguration section */

/* Begin XCConfigurationList section */
		7881312320220E2700771758 /* Build configuration list for PBXProject "DataStructures" */ = {
			isa = XCConfigurationList;
			buildConfigurations = (
				7881312D20220E2700771758 /* Debug */,
				7881312E20220E2700771758 /* Release */,
			);
			defaultConfigurationIsVisible = 0;
			defaultConfigurationName = Release;
		};
		7881312F20220E2700771758 /* Build configuration list for PBXNativeTarget "DataStructures" */ = {
			isa = XCConfigurationList;
			buildConfigurations = (
				7881313020220E2700771758 /* Debug */,
				7881313120220E2700771758 /* Release */,
			);
			defaultConfigurationIsVisible = 0;
			defaultConfigurationName = Release;
		};
/* End XCConfigurationList section */
	};
	rootObject = 7881312020220E2700771758 /* Project object */;
}
